
Microsoft Visual Studio Solution File, Format Version 12.00
# Visual Studio 15
VisualStudioVersion = 15.0.26124.0
MinimumVisualStudioVersion = 15.0.26124.0
Project("{2150E333-8FDC-42A3-9474-1A3956D46DE8}") = "src", "src", "{8555779B-BB6D-4DD3-8BE2-FE5CB8A07286}"
EndProject
Project("{FAE04EC0-301F-11D3-BF4B-00C04F79EFBC}") = "SLJ.ParcelCosts", "src\SLJ.ParcelCosts\SLJ.ParcelCosts.csproj", "{AAC23E8E-2ADF-4FA9-B576-BAD80421976A}"
EndProject
Project("{FAE04EC0-301F-11D3-BF4B-00C04F79EFBC}") = "SLJ.ParcelCosts.Implementation", "src\SLJ.ParcelCosts.Implementation\SLJ.ParcelCosts.Implementation.csproj", "{01126692-511C-42C5-A46D-B600BDA3EA08}"
EndProject
Project("{2150E333-8FDC-42A3-9474-1A3956D46DE8}") = "tests", "tests", "{732AD1B4-8389-44CF-AC10-0A189F356C32}"
EndProject
Project("{FAE04EC0-301F-11D3-BF4B-00C04F79EFBC}") = "SLJ.ParcelCosts.Tests", "tests\SLJ.ParcelCosts.Tests\SLJ.ParcelCosts.Tests.csproj", "{D5F40F6F-06CD-4532-BDD9-1D70B14923CC}"
EndProject
Global
	GlobalSection(SolutionConfigurationPlatforms) = preSolution
		Debug|Any CPU = Debug|Any CPU
		Debug|x64 = Debug|x64
		Debug|x86 = Debug|x86
		Release|Any CPU = Release|Any CPU
		Release|x64 = Release|x64
		Release|x86 = Release|x86
	EndGlobalSection
	GlobalSection(SolutionProperties) = preSolution
		HideSolutionNode = FALSE
	EndGlobalSection
	GlobalSection(ProjectConfigurationPlatforms) = postSolution
		{AAC23E8E-2ADF-4FA9-B576-BAD80421976A}.Debug|Any CPU.ActiveCfg = Debug|Any CPU
		{AAC23E8E-2ADF-4FA9-B576-BAD80421976A}.Debug|Any CPU.Build.0 = Debug|Any CPU
		{AAC23E8E-2ADF-4FA9-B576-BAD80421976A}.Debug|x64.ActiveCfg = Debug|Any CPU
		{AAC23E8E-2ADF-4FA9-B576-BAD80421976A}.Debug|x64.Build.0 = Debug|Any CPU
		{AAC23E8E-2ADF-4FA9-B576-BAD80421976A}.Debug|x86.ActiveCfg = Debug|Any CPU
		{AAC23E8E-2ADF-4FA9-B576-BAD80421976A}.Debug|x86.Build.0 = Debug|Any CPU
		{AAC23E8E-2ADF-4FA9-B576-BAD80421976A}.Release|Any CPU.ActiveCfg = Release|Any CPU
		{AAC23E8E-2ADF-4FA9-B576-BAD80421976A}.Release|Any CPU.Build.0 = Release|Any CPU
		{AAC23E8E-2ADF-4FA9-B576-BAD80421976A}.Release|x64.ActiveCfg = Release|Any CPU
		{AAC23E8E-2ADF-4FA9-B576-BAD80421976A}.Release|x64.Build.0 = Release|Any CPU
		{AAC23E8E-2ADF-4FA9-B576-BAD80421976A}.Release|x86.ActiveCfg = Release|Any CPU
		{AAC23E8E-2ADF-4FA9-B576-BAD80421976A}.Release|x86.Build.0 = Release|Any CPU
		{01126692-511C-42C5-A46D-B600BDA3EA08}.Debug|Any CPU.ActiveCfg = Debug|Any CPU
		{01126692-511C-42C5-A46D-B600BDA3EA08}.Debug|Any CPU.Build.0 = Debug|Any CPU
		{01126692-511C-42C5-A46D-B600BDA3EA08}.Debug|x64.ActiveCfg = Debug|Any CPU
		{01126692-511C-42C5-A46D-B600BDA3EA08}.Debug|x64.Build.0 = Debug|Any CPU
		{01126692-511C-42C5-A46D-B600BDA3EA08}.Debug|x86.ActiveCfg = Debug|Any CPU
		{01126692-511C-42C5-A46D-B600BDA3EA08}.Debug|x86.Build.0 = Debug|Any CPU
		{01126692-511C-42C5-A46D-B600BDA3EA08}.Release|Any CPU.ActiveCfg = Release|Any CPU
		{01126692-511C-42C5-A46D-B600BDA3EA08}.Release|Any CPU.Build.0 = Release|Any CPU
		{01126692-511C-42C5-A46D-B600BDA3EA08}.Release|x64.ActiveCfg = Release|Any CPU
		{01126692-511C-42C5-A46D-B600BDA3EA08}.Release|x64.Build.0 = Release|Any CPU
		{01126692-511C-42C5-A46D-B600BDA3EA08}.Release|x86.ActiveCfg = Release|Any CPU
		{01126692-511C-42C5-A46D-B600BDA3EA08}.Release|x86.Build.0 = Release|Any CPU
		{D5F40F6F-06CD-4532-BDD9-1D70B14923CC}.Debug|Any CPU.ActiveCfg = Debug|Any CPU
		{D5F40F6F-06CD-4532-BDD9-1D70B14923CC}.Debug|Any CPU.Build.0 = Debug|Any CPU
		{D5F40F6F-06CD-4532-BDD9-1D70B14923CC}.Debug|x64.ActiveCfg = Debug|Any CPU
		{D5F40F6F-06CD-4532-BDD9-1D70B14923CC}.Debug|x64.Build.0 = Debug|Any CPU
		{D5F40F6F-06CD-4532-BDD9-1D70B14923CC}.Debug|x86.ActiveCfg = Debug|Any CPU
		{D5F40F6F-06CD-4532-BDD9-1D70B14923CC}.Debug|x86.Build.0 = Debug|Any CPU
		{D5F40F6F-06CD-4532-BDD9-1D70B14923CC}.Release|Any CPU.ActiveCfg = Release|Any CPU
		{D5F40F6F-06CD-4532-BDD9-1D70B14923CC}.Release|Any CPU.Build.0 = Release|Any CPU
		{D5F40F6F-06CD-4532-BDD9-1D70B14923CC}.Release|x64.ActiveCfg = Release|Any CPU
		{D5F40F6F-06CD-4532-BDD9-1D70B14923CC}.Release|x64.Build.0 = Release|Any CPU
		{D5F40F6F-06CD-4532-BDD9-1D70B14923CC}.Release|x86.ActiveCfg = Release|Any CPU
		{D5F40F6F-06CD-4532-BDD9-1D70B14923CC}.Release|x86.Build.0 = Release|Any CPU
	EndGlobalSection
	GlobalSection(NestedProjects) = preSolution
		{AAC23E8E-2ADF-4FA9-B576-BAD80421976A} = {8555779B-BB6D-4DD3-8BE2-FE5CB8A07286}
		{01126692-511C-42C5-A46D-B600BDA3EA08} = {8555779B-BB6D-4DD3-8BE2-FE5CB8A07286}
		{D5F40F6F-06CD-4532-BDD9-1D70B14923CC} = {732AD1B4-8389-44CF-AC10-0A189F356C32}
	EndGlobalSection
EndGlobal
